
Microsoft Visual Studio Solution File, Format Version 12.00
# Visual Studio Version 17
VisualStudioVersion = 17.5.002.0
MinimumVisualStudioVersion = 10.0.40219.1
Project("{9A19103F-16F7-4668-BE54-9A1E7A4F7556}") = "bank-mock", "bank-mock\bank-mock.csproj", "{048CE36B-F49C-4E28-BD6D-6C6EB640232B}"
EndProject
Project("{9A19103F-16F7-4668-BE54-9A1E7A4F7556}") = "payment-system", "payment-system\payment-system.csproj", "{4D8D69E7-5DEE-492E-86E7-47A9344EF81B}"
EndProject
Project("{9A19103F-16F7-4668-BE54-9A1E7A4F7556}") = "paymentsystem-frontend", "paymentsystem-frontend\paymentsystem-frontend.csproj", "{AFD3C490-8196-46C3-891B-464D4F838145}"
EndProject
Project("{9A19103F-16F7-4668-BE54-9A1E7A4F7556}") = "user-api", "user-api\user-api.csproj", "{477A7BD8-7599-44A3-BE2F-D66F6D14E5B1}"
EndProject
Global
	GlobalSection(SolutionConfigurationPlatforms) = preSolution
		Debug|Any CPU = Debug|Any CPU
		Release|Any CPU = Release|Any CPU
	EndGlobalSection
	GlobalSection(ProjectConfigurationPlatforms) = postSolution
		{048CE36B-F49C-4E28-BD6D-6C6EB640232B}.Debug|Any CPU.ActiveCfg = Debug|Any CPU
		{048CE36B-F49C-4E28-BD6D-6C6EB640232B}.Debug|Any CPU.Build.0 = Debug|Any CPU
		{048CE36B-F49C-4E28-BD6D-6C6EB640232B}.Release|Any CPU.ActiveCfg = Release|Any CPU
		{048CE36B-F49C-4E28-BD6D-6C6EB640232B}.Release|Any CPU.Build.0 = Release|Any CPU
		{4D8D69E7-5DEE-492E-86E7-47A9344EF81B}.Debug|Any CPU.ActiveCfg = Debug|Any CPU
		{4D8D69E7-5DEE-492E-86E7-47A9344EF81B}.Debug|Any CPU.Build.0 = Debug|Any CPU
		{4D8D69E7-5DEE-492E-86E7-47A9344EF81B}.Release|Any CPU.ActiveCfg = Release|Any CPU
		{4D8D69E7-5DEE-492E-86E7-47A9344EF81B}.Release|Any CPU.Build.0 = Release|Any CPU
		{AFD3C490-8196-46C3-891B-464D4F838145}.Debug|Any CPU.ActiveCfg = Debug|Any CPU
		{AFD3C490-8196-46C3-891B-464D4F838145}.Debug|Any CPU.Build.0 = Debug|Any CPU
		{AFD3C490-8196-46C3-891B-464D4F838145}.Release|Any CPU.ActiveCfg = Release|Any CPU
		{AFD3C490-8196-46C3-891B-464D4F838145}.Release|Any CPU.Build.0 = Release|Any CPU
		{477A7BD8-7599-44A3-BE2F-D66F6D14E5B1}.Debug|Any CPU.ActiveCfg = Debug|Any CPU
		{477A7BD8-7599-44A3-BE2F-D66F6D14E5B1}.Debug|Any CPU.Build.0 = Debug|Any CPU
		{477A7BD8-7599-44A3-BE2F-D66F6D14E5B1}.Release|Any CPU.ActiveCfg = Release|Any CPU
		{477A7BD8-7599-44A3-BE2F-D66F6D14E5B1}.Release|Any CPU.Build.0 = Release|Any CPU
	EndGlobalSection
	GlobalSection(SolutionProperties) = preSolution
		HideSolutionNode = FALSE
	EndGlobalSection
	GlobalSection(ExtensibilityGlobals) = postSolution
		SolutionGuid = {4166DE6F-88BF-4A25-8439-0C48F5F4B637}
	EndGlobalSection
EndGlobal
